
Microsoft Visual Studio Solution File, Format Version 12.00
# Visual Studio Version 16
VisualStudioVersion = 16.0.31105.61
MinimumVisualStudioVersion = 10.0.40219.1
Project("{FAE04EC0-301F-11D3-BF4B-00C04F79EFBC}") = "dotGuava_NetCore_API", "dotGuava_NetCore_API\dotGuava_NetCore_API.csproj", "{B0D6F173-0716-427C-8AF5-8401B679D9FA}"
EndProject
Global
	GlobalSection(SolutionConfigurationPlatforms) = preSolution
		Debug|Any CPU = Debug|Any CPU
		Release|Any CPU = Release|Any CPU
	EndGlobalSection
	GlobalSection(ProjectConfigurationPlatforms) = postSolution
		{B0D6F173-0716-427C-8AF5-8401B679D9FA}.Debug|Any CPU.ActiveCfg = Debug|Any CPU
		{B0D6F173-0716-427C-8AF5-8401B679D9FA}.Debug|Any CPU.Build.0 = Debug|Any CPU
		{B0D6F173-0716-427C-8AF5-8401B679D9FA}.Release|Any CPU.ActiveCfg = Release|Any CPU
		{B0D6F173-0716-427C-8AF5-8401B679D9FA}.Release|Any CPU.Build.0 = Release|Any CPU
	EndGlobalSection
	GlobalSection(SolutionProperties) = preSolution
		HideSolutionNode = FALSE
	EndGlobalSection
	GlobalSection(ExtensibilityGlobals) = postSolution
		SolutionGuid = {1DEEA051-D2D3-4C12-9C4C-C579F7FC4CED}
	EndGlobalSection
EndGlobal
